
Microsoft Visual Studio Solution File, Format Version 12.00
# Visual Studio Version 17
VisualStudioVersion = 17.0.31903.59
MinimumVisualStudioVersion = 10.0.40219.1
Project("{2150E333-8FDC-42A3-9474-1A3956D46DE8}") = "src", "src", "{B3184B57-5F0A-46C1-B26D-97A3AC864B9E}"
EndProject
Project("{FAE04EC0-301F-11D3-BF4B-00C04F79EFBC}") = "Kentico.ConsoleApp", "src\Kentico.ConsoleApp\Kentico.ConsoleApp.csproj", "{4B9EB32B-97A0-44FC-B22D-04A2CE10B219}"
EndProject
Project("{FAE04EC0-301F-11D3-BF4B-00C04F79EFBC}") = "LowercaseBlobs", "src\LowercaseBlobs\LowercaseBlobs.csproj", "{140FE3FA-5078-4904-A910-7315F9DE6425}"
EndProject
Global
	GlobalSection(SolutionConfigurationPlatforms) = preSolution
		Debug|Any CPU = Debug|Any CPU
		Release|Any CPU = Release|Any CPU
	EndGlobalSection
	GlobalSection(SolutionProperties) = preSolution
		HideSolutionNode = FALSE
	EndGlobalSection
	GlobalSection(ProjectConfigurationPlatforms) = postSolution
		{4B9EB32B-97A0-44FC-B22D-04A2CE10B219}.Debug|Any CPU.ActiveCfg = Debug|Any CPU
		{4B9EB32B-97A0-44FC-B22D-04A2CE10B219}.Debug|Any CPU.Build.0 = Debug|Any CPU
		{4B9EB32B-97A0-44FC-B22D-04A2CE10B219}.Release|Any CPU.ActiveCfg = Release|Any CPU
		{4B9EB32B-97A0-44FC-B22D-04A2CE10B219}.Release|Any CPU.Build.0 = Release|Any CPU
		{140FE3FA-5078-4904-A910-7315F9DE6425}.Debug|Any CPU.ActiveCfg = Debug|Any CPU
		{140FE3FA-5078-4904-A910-7315F9DE6425}.Debug|Any CPU.Build.0 = Debug|Any CPU
		{140FE3FA-5078-4904-A910-7315F9DE6425}.Release|Any CPU.ActiveCfg = Release|Any CPU
		{140FE3FA-5078-4904-A910-7315F9DE6425}.Release|Any CPU.Build.0 = Release|Any CPU
	EndGlobalSection
	GlobalSection(NestedProjects) = preSolution
		{4B9EB32B-97A0-44FC-B22D-04A2CE10B219} = {B3184B57-5F0A-46C1-B26D-97A3AC864B9E}
		{140FE3FA-5078-4904-A910-7315F9DE6425} = {B3184B57-5F0A-46C1-B26D-97A3AC864B9E}
	EndGlobalSection
EndGlobal
